{
  "version": 4,
  "terraform_version": "1.13.4",
  "serial": 1,
  "lineage": "118944b4-068f-3c26-b45e-948855600308",
  "outputs": {},
  "resources": [
    {
      "mode": "managed",
      "type": "aws_s3_bucket",
      "name": "meu_primeiro_bucket",
      "provider": "provider[\"registry.terraform.io/hashicorp/aws\"]",
      "instances": [
        {
          "schema_version": 0,
          "attributes": {
            "acceleration_status": "",
            "acl": null,
            "arn": "arn:aws:s3:::jorgefelipemr-bucket-teste-20251028",
            "bucket": "jorgefelipemr-bucket-teste-20251028",
            "bucket_domain_name": "jorgefelipemr-bucket-teste-20251028.s3.amazonaws.com",
            "bucket_prefix": "",
            "bucket_regional_domain_name": "jorgefelipemr-bucket-teste-20251028.s3.us-east-1.amazonaws.com",
            "cors_rule": [],
            "force_destroy": false,
            "grant": [
              {
                "id": "9da7bd5c507f3f008a17ccffea8513e2ec6a351eaa48cf91e53f4b58245bae3c",
                "permissions": [
                  "FULL_CONTROL"
                ],
                "type": "CanonicalUser",
                "uri": ""
              }
            ],
            "hosted_zone_id": "Z3AQBSTGFYJSTF",
            "id": "jorgefelipemr-bucket-teste-20251028",
            "lifecycle_rule": [],
            "logging": [],
            "object_lock_configuration": [],
            "object_lock_enabled": false,
            "policy": "",
            "region": "us-east-1",
            "replication_configuration": [],
            "request_payer": "BucketOwner",
            "server_side_encryption_configuration": [
              {
                "rule": [
                  {
                    "apply_server_side_encryption_by_default": [
                      {
                        "kms_master_key_id": "",
                        "sse_algorithm": "AES256"
                      }
                    ],
                    "bucket_key_enabled": false
                  }
                ]
              }
            ],
            "tags": {
              "Environment": "Estudos",
              "Name": "Meu Primeiro Bucket",
              "Owner": "Jorge Ribeiro"
            },
            "tags_all": {
              "Environment": "Estudos",
              "Name": "Meu Primeiro Bucket",
              "Owner": "Jorge Ribeiro"
            },
            "timeouts": null,
            "versioning": [
              {
                "enabled": false,
                "mfa_delete": false
              }
            ],
            "website": [],
            "website_domain": null,
            "website_endpoint": null
          },
          "sensitive_attributes": [],
          "identity_schema_version": 0,
          "private": "eyJlMmJmYjczMC1lY2FhLTExZTYtOGY4OC0zNDM2M2JjN2M0YzAiOnsiY3JlYXRlIjoxMjAwMDAwMDAwMDAwLCJkZWxldGUiOjM2MDAwMDAwMDAwMDAsInJlYWQiOjEyMDAwMDAwMDAwMDAsInVwZGF0ZSI6MTIwMDAwMDAwMDAwMH19"
        }
      ]
    }
  ],
  "check_results": null
}
